
Microsoft Visual Studio Solution File, Format Version 12.00
# Visual Studio Version 17
VisualStudioVersion = 17.8.34309.116
MinimumVisualStudioVersion = 10.0.40219.1
Project("{FAE04EC0-301F-11D3-BF4B-00C04F79EFBC}") = "AssignmentOnZeroHunger", "AssignmentOnZeroHunger\AssignmentOnZeroHunger.csproj", "{E3CF8DA1-5F86-45AA-B011-286466BE5604}"
EndProject
Global
	GlobalSection(SolutionConfigurationPlatforms) = preSolution
		Debug|Any CPU = Debug|Any CPU
		Release|Any CPU = Release|Any CPU
	EndGlobalSection
	GlobalSection(ProjectConfigurationPlatforms) = postSolution
		{E3CF8DA1-5F86-45AA-B011-286466BE5604}.Debug|Any CPU.ActiveCfg = Debug|Any CPU
		{E3CF8DA1-5F86-45AA-B011-286466BE5604}.Debug|Any CPU.Build.0 = Debug|Any CPU
		{E3CF8DA1-5F86-45AA-B011-286466BE5604}.Release|Any CPU.ActiveCfg = Release|Any CPU
		{E3CF8DA1-5F86-45AA-B011-286466BE5604}.Release|Any CPU.Build.0 = Release|Any CPU
	EndGlobalSection
	GlobalSection(SolutionProperties) = preSolution
		HideSolutionNode = FALSE
	EndGlobalSection
	GlobalSection(ExtensibilityGlobals) = postSolution
		SolutionGuid = {64293729-31F1-4492-867C-69C8013CD783}
	EndGlobalSection
EndGlobal
